
Microsoft Visual Studio Solution File, Format Version 12.00
# Visual Studio 15
VisualStudioVersion = 15.0.28307.136
MinimumVisualStudioVersion = 10.0.40219.1
Project("{FAE04EC0-301F-11D3-BF4B-00C04F79EFBC}") = "Business Manager Pro", "Business Manager Pro\Business Manager Pro.csproj", "{194FD680-3B65-4909-8D7B-5F8DF12A1520}"
EndProject
Global
	GlobalSection(SolutionConfigurationPlatforms) = preSolution
		Debug|Any CPU = Debug|Any CPU
		Release|Any CPU = Release|Any CPU
	EndGlobalSection
	GlobalSection(ProjectConfigurationPlatforms) = postSolution
		{194FD680-3B65-4909-8D7B-5F8DF12A1520}.Debug|Any CPU.ActiveCfg = Debug|Any CPU
		{194FD680-3B65-4909-8D7B-5F8DF12A1520}.Debug|Any CPU.Build.0 = Debug|Any CPU
		{194FD680-3B65-4909-8D7B-5F8DF12A1520}.Release|Any CPU.ActiveCfg = Release|Any CPU
		{194FD680-3B65-4909-8D7B-5F8DF12A1520}.Release|Any CPU.Build.0 = Release|Any CPU
	EndGlobalSection
	GlobalSection(SolutionProperties) = preSolution
		HideSolutionNode = FALSE
	EndGlobalSection
	GlobalSection(ExtensibilityGlobals) = postSolution
		SolutionGuid = {50B8A8E0-4D37-4334-8B70-CF36F9D3424D}
	EndGlobalSection
EndGlobal
